
Microsoft Visual Studio Solution File, Format Version 12.00
# Visual Studio Version 17
VisualStudioVersion = 17.13.35919.96 d17.13
MinimumVisualStudioVersion = 10.0.40219.1
Project("{FAE04EC0-301F-11D3-BF4B-00C04F79EFBC}") = "CryptoChat2142", "CryptoChat2142\CryptoChat2142.csproj", "{FF7BA2A2-4E15-4584-8D38-96197A3D8947}"
EndProject
Project("{FAE04EC0-301F-11D3-BF4B-00C04F79EFBC}") = "CryptoChatServer", "CryptoChatServer\CryptoChatServer.csproj", "{856B71F7-33A7-48A8-9C69-6943401849CA}"
EndProject
Global
	GlobalSection(SolutionConfigurationPlatforms) = preSolution
		Debug|Any CPU = Debug|Any CPU
		Release|Any CPU = Release|Any CPU
	EndGlobalSection
	GlobalSection(ProjectConfigurationPlatforms) = postSolution
		{FF7BA2A2-4E15-4584-8D38-96197A3D8947}.Debug|Any CPU.ActiveCfg = Debug|Any CPU
		{FF7BA2A2-4E15-4584-8D38-96197A3D8947}.Debug|Any CPU.Build.0 = Debug|Any CPU
		{FF7BA2A2-4E15-4584-8D38-96197A3D8947}.Release|Any CPU.ActiveCfg = Release|Any CPU
		{FF7BA2A2-4E15-4584-8D38-96197A3D8947}.Release|Any CPU.Build.0 = Release|Any CPU
		{856B71F7-33A7-48A8-9C69-6943401849CA}.Debug|Any CPU.ActiveCfg = Debug|Any CPU
		{856B71F7-33A7-48A8-9C69-6943401849CA}.Debug|Any CPU.Build.0 = Debug|Any CPU
		{856B71F7-33A7-48A8-9C69-6943401849CA}.Release|Any CPU.ActiveCfg = Release|Any CPU
		{856B71F7-33A7-48A8-9C69-6943401849CA}.Release|Any CPU.Build.0 = Release|Any CPU
	EndGlobalSection
	GlobalSection(SolutionProperties) = preSolution
		HideSolutionNode = FALSE
	EndGlobalSection
	GlobalSection(ExtensibilityGlobals) = postSolution
		SolutionGuid = {DE45B321-3183-408D-9908-0E9E6AB5E3E0}
	EndGlobalSection
EndGlobal
